# generated by rye
# use `rye lock` or `rye sync` to update this lockfile
#
# last locked with the following flags:
#   pre: false
#   features: []
#   all-features: false
#   with-sources: false

-e file:.
astroid==3.2.2
    # via pylint
bandit==1.7.8
black==24.4.2
click==8.1.7
    # via black
colorama==0.4.6
    # via radon
dill==0.3.8
    # via pylint
flake8==7.0.0
iniconfig==2.0.0
    # via pytest
isort==5.13.2
    # via pylint
mando==0.7.1
    # via radon
markdown-it-py==3.0.0
    # via rich
mccabe==0.7.0
    # via flake8
    # via pylint
mdurl==0.1.2
    # via markdown-it-py
mypy==1.10.0
mypy-extensions==1.0.0
    # via black
    # via mypy
nodeenv==1.8.0
    # via pyright
numpy==1.26.4
    # via pycandle
packaging==24.0
    # via black
    # via pytest
pathspec==0.12.1
    # via black
pbr==6.0.0
    # via stevedore
platformdirs==4.2.2
    # via black
    # via pylint
pluggy==1.5.0
    # via pytest
pycodestyle==2.11.1
    # via flake8
pyflakes==3.2.0
    # via flake8
pygments==2.18.0
    # via rich
pylint==3.2.2
pyright==1.1.364
pytest==8.2.1
pyyaml==6.0.1
    # via bandit
radon==6.0.1
rich==13.7.1
    # via bandit
setuptools==70.0.0
    # via nodeenv
six==1.16.0
    # via mando
stevedore==5.2.0
    # via bandit
tomlkit==0.12.5
    # via pylint
typing-extensions==4.11.0
    # via mypy
